
Microsoft Visual Studio Solution File, Format Version 12.00
# Visual Studio Version 17
VisualStudioVersion = 17.4.33205.214
MinimumVisualStudioVersion = 10.0.40219.1
Project("{FAE04EC0-301F-11D3-BF4B-00C04F79EFBC}") = "PersonAgeDetermination", "PersonAgeDetermination\PersonAgeDetermination.csproj", "{77A91DFA-1042-41CE-A7D1-F9B5DC7042C3}"
EndProject
Project("{FAE04EC0-301F-11D3-BF4B-00C04F79EFBC}") = "PersonAgeDeterminationMS_Test", "PersonAgeDeterminationMS_Test\PersonAgeDeterminationMS_Test.csproj", "{4E5ED84A-D5D9-4166-ACF7-89BBF58B40A1}"
EndProject
Global
	GlobalSection(SolutionConfigurationPlatforms) = preSolution
		Debug|Any CPU = Debug|Any CPU
		Release|Any CPU = Release|Any CPU
	EndGlobalSection
	GlobalSection(ProjectConfigurationPlatforms) = postSolution
		{77A91DFA-1042-41CE-A7D1-F9B5DC7042C3}.Debug|Any CPU.ActiveCfg = Debug|Any CPU
		{77A91DFA-1042-41CE-A7D1-F9B5DC7042C3}.Debug|Any CPU.Build.0 = Debug|Any CPU
		{77A91DFA-1042-41CE-A7D1-F9B5DC7042C3}.Release|Any CPU.ActiveCfg = Release|Any CPU
		{77A91DFA-1042-41CE-A7D1-F9B5DC7042C3}.Release|Any CPU.Build.0 = Release|Any CPU
		{4E5ED84A-D5D9-4166-ACF7-89BBF58B40A1}.Debug|Any CPU.ActiveCfg = Debug|Any CPU
		{4E5ED84A-D5D9-4166-ACF7-89BBF58B40A1}.Debug|Any CPU.Build.0 = Debug|Any CPU
		{4E5ED84A-D5D9-4166-ACF7-89BBF58B40A1}.Release|Any CPU.ActiveCfg = Release|Any CPU
		{4E5ED84A-D5D9-4166-ACF7-89BBF58B40A1}.Release|Any CPU.Build.0 = Release|Any CPU
	EndGlobalSection
	GlobalSection(SolutionProperties) = preSolution
		HideSolutionNode = FALSE
	EndGlobalSection
	GlobalSection(ExtensibilityGlobals) = postSolution
		SolutionGuid = {A6EDB62B-E336-4711-979D-19DB9C5B6E9C}
	EndGlobalSection
EndGlobal
